
Microsoft Visual Studio Solution File, Format Version 12.00
# Visual Studio Version 16
VisualStudioVersion = 16.0.30114.105
MinimumVisualStudioVersion = 10.0.40219.1
Project("{FAE04EC0-301F-11D3-BF4B-00C04F79EFBC}") = "SampleLibrary", "SampleLibrary\SampleLibrary.csproj", "{EBD5A31F-F3C4-4233-A08E-8DA4BD5D9A6E}"
EndProject
Project("{FAE04EC0-301F-11D3-BF4B-00C04F79EFBC}") = "SampleLibrary.Test", "SampleLibrary.Test\SampleLibrary.Test.csproj", "{E61ABC82-F6EE-4A20-AD5B-B9E55CB86FE7}"
EndProject
Global
	GlobalSection(SolutionConfigurationPlatforms) = preSolution
		Debug|Any CPU = Debug|Any CPU
		Release|Any CPU = Release|Any CPU
	EndGlobalSection
	GlobalSection(SolutionProperties) = preSolution
		HideSolutionNode = FALSE
	EndGlobalSection
	GlobalSection(ProjectConfigurationPlatforms) = postSolution
		{EBD5A31F-F3C4-4233-A08E-8DA4BD5D9A6E}.Debug|Any CPU.ActiveCfg = Debug|Any CPU
		{EBD5A31F-F3C4-4233-A08E-8DA4BD5D9A6E}.Debug|Any CPU.Build.0 = Debug|Any CPU
		{EBD5A31F-F3C4-4233-A08E-8DA4BD5D9A6E}.Release|Any CPU.ActiveCfg = Release|Any CPU
		{EBD5A31F-F3C4-4233-A08E-8DA4BD5D9A6E}.Release|Any CPU.Build.0 = Release|Any CPU
		{E61ABC82-F6EE-4A20-AD5B-B9E55CB86FE7}.Debug|Any CPU.ActiveCfg = Debug|Any CPU
		{E61ABC82-F6EE-4A20-AD5B-B9E55CB86FE7}.Debug|Any CPU.Build.0 = Debug|Any CPU
		{E61ABC82-F6EE-4A20-AD5B-B9E55CB86FE7}.Release|Any CPU.ActiveCfg = Release|Any CPU
		{E61ABC82-F6EE-4A20-AD5B-B9E55CB86FE7}.Release|Any CPU.Build.0 = Release|Any CPU
	EndGlobalSection
EndGlobal
